
Microsoft Visual Studio Solution File, Format Version 12.00
# Visual Studio Version 17
VisualStudioVersion = 17.4.33213.308
MinimumVisualStudioVersion = 10.0.40219.1
Project("{9A19103F-16F7-4668-BE54-9A1E7A4F7556}") = "BlazorMinesweeper.Server", "BlazorMinesweeper\Server\BlazorMinesweeper.Server.csproj", "{64BC1D18-67A8-48C3-8EC0-4610E6134E0D}"
EndProject
Project("{9A19103F-16F7-4668-BE54-9A1E7A4F7556}") = "BlazorMinesweeper.Client", "BlazorMinesweeper\Client\BlazorMinesweeper.Client.csproj", "{79B1CBC1-2651-4A2F-B711-E098FFD3C08C}"
EndProject
Project("{9A19103F-16F7-4668-BE54-9A1E7A4F7556}") = "BlazorMinesweeper.Shared", "BlazorMinesweeper\Shared\BlazorMinesweeper.Shared.csproj", "{2B94D432-4008-41D0-888C-818DBD29C6B0}"
EndProject
Global
	GlobalSection(SolutionConfigurationPlatforms) = preSolution
		Debug|Any CPU = Debug|Any CPU
		Release|Any CPU = Release|Any CPU
	EndGlobalSection
	GlobalSection(ProjectConfigurationPlatforms) = postSolution
		{64BC1D18-67A8-48C3-8EC0-4610E6134E0D}.Debug|Any CPU.ActiveCfg = Debug|Any CPU
		{64BC1D18-67A8-48C3-8EC0-4610E6134E0D}.Debug|Any CPU.Build.0 = Debug|Any CPU
		{64BC1D18-67A8-48C3-8EC0-4610E6134E0D}.Release|Any CPU.ActiveCfg = Release|Any CPU
		{64BC1D18-67A8-48C3-8EC0-4610E6134E0D}.Release|Any CPU.Build.0 = Release|Any CPU
		{79B1CBC1-2651-4A2F-B711-E098FFD3C08C}.Debug|Any CPU.ActiveCfg = Debug|Any CPU
		{79B1CBC1-2651-4A2F-B711-E098FFD3C08C}.Debug|Any CPU.Build.0 = Debug|Any CPU
		{79B1CBC1-2651-4A2F-B711-E098FFD3C08C}.Release|Any CPU.ActiveCfg = Release|Any CPU
		{79B1CBC1-2651-4A2F-B711-E098FFD3C08C}.Release|Any CPU.Build.0 = Release|Any CPU
		{2B94D432-4008-41D0-888C-818DBD29C6B0}.Debug|Any CPU.ActiveCfg = Debug|Any CPU
		{2B94D432-4008-41D0-888C-818DBD29C6B0}.Debug|Any CPU.Build.0 = Debug|Any CPU
		{2B94D432-4008-41D0-888C-818DBD29C6B0}.Release|Any CPU.ActiveCfg = Release|Any CPU
		{2B94D432-4008-41D0-888C-818DBD29C6B0}.Release|Any CPU.Build.0 = Release|Any CPU
	EndGlobalSection
	GlobalSection(SolutionProperties) = preSolution
		HideSolutionNode = FALSE
	EndGlobalSection
	GlobalSection(ExtensibilityGlobals) = postSolution
		SolutionGuid = {5B9F6B63-F4C9-4826-96EE-91BE4B4D4736}
	EndGlobalSection
EndGlobal
